
Microsoft Visual Studio Solution File, Format Version 12.00
Project("{FAE04EC0-301F-11D3-BF4B-00C04F79EFBC}") = "Exercise1-1-3", "Exercise1-1-3\Exercise1-1-3.csproj", "{AEE9D2C7-4DF6-494B-BEEE-2BBC1F2AF4C1}"
EndProject
Project("{FAE04EC0-301F-11D3-BF4B-00C04F79EFBC}") = "Exercise1-2-1", "Exercise1-2-1\Exercise1-2-1.csproj", "{02C922C2-DA2A-40F9-B5FD-DEF0A9F46E5B}"
EndProject
Project("{FAE04EC0-301F-11D3-BF4B-00C04F79EFBC}") = "Assignment2-2-1", "Assignment2-2-1\Assignment2-2-1.csproj", "{641FCB77-6545-4E91-AB0E-2FD018BB0DF6}"
EndProject
Project("{FAE04EC0-301F-11D3-BF4B-00C04F79EFBC}") = "Exercise3-1-1", "Exercise3-1-1\Exercise3-1-1.csproj", "{59F1663E-9596-4848-9354-F37ABFF93CAA}"
EndProject
Global
	GlobalSection(SolutionConfigurationPlatforms) = preSolution
		Debug|Any CPU = Debug|Any CPU
		Release|Any CPU = Release|Any CPU
	EndGlobalSection
	GlobalSection(ProjectConfigurationPlatforms) = postSolution
		{AEE9D2C7-4DF6-494B-BEEE-2BBC1F2AF4C1}.Debug|Any CPU.ActiveCfg = Debug|Any CPU
		{AEE9D2C7-4DF6-494B-BEEE-2BBC1F2AF4C1}.Debug|Any CPU.Build.0 = Debug|Any CPU
		{AEE9D2C7-4DF6-494B-BEEE-2BBC1F2AF4C1}.Release|Any CPU.ActiveCfg = Release|Any CPU
		{AEE9D2C7-4DF6-494B-BEEE-2BBC1F2AF4C1}.Release|Any CPU.Build.0 = Release|Any CPU
		{02C922C2-DA2A-40F9-B5FD-DEF0A9F46E5B}.Debug|Any CPU.ActiveCfg = Debug|Any CPU
		{02C922C2-DA2A-40F9-B5FD-DEF0A9F46E5B}.Debug|Any CPU.Build.0 = Debug|Any CPU
		{02C922C2-DA2A-40F9-B5FD-DEF0A9F46E5B}.Release|Any CPU.ActiveCfg = Release|Any CPU
		{02C922C2-DA2A-40F9-B5FD-DEF0A9F46E5B}.Release|Any CPU.Build.0 = Release|Any CPU
		{641FCB77-6545-4E91-AB0E-2FD018BB0DF6}.Debug|Any CPU.ActiveCfg = Debug|Any CPU
		{641FCB77-6545-4E91-AB0E-2FD018BB0DF6}.Debug|Any CPU.Build.0 = Debug|Any CPU
		{641FCB77-6545-4E91-AB0E-2FD018BB0DF6}.Release|Any CPU.ActiveCfg = Release|Any CPU
		{641FCB77-6545-4E91-AB0E-2FD018BB0DF6}.Release|Any CPU.Build.0 = Release|Any CPU
		{59F1663E-9596-4848-9354-F37ABFF93CAA}.Debug|Any CPU.ActiveCfg = Debug|Any CPU
		{59F1663E-9596-4848-9354-F37ABFF93CAA}.Debug|Any CPU.Build.0 = Debug|Any CPU
		{59F1663E-9596-4848-9354-F37ABFF93CAA}.Release|Any CPU.ActiveCfg = Release|Any CPU
		{59F1663E-9596-4848-9354-F37ABFF93CAA}.Release|Any CPU.Build.0 = Release|Any CPU
	EndGlobalSection
EndGlobal
